
Microsoft Visual Studio Solution File, Format Version 12.00
# Visual Studio 2012
Project("{FAE04EC0-301F-11D3-BF4B-00C04F79EFBC}") = "AspAutomationTesting", "AspAutomationTesting\AspAutomationTesting.csproj", "{D13B2979-C596-4924-9324-E0D6C110BCB4}"
EndProject
Project("{2150E333-8FDC-42A3-9474-1A3956D46DE8}") = ".nuget", ".nuget", "{8C22D30D-F5A4-48E3-A197-E47F33B4AFBA}"
	ProjectSection(SolutionItems) = preProject
		.nuget\packages.config = .nuget\packages.config
	EndProjectSection
EndProject
Global
	GlobalSection(SolutionConfigurationPlatforms) = preSolution
		Debug|Any CPU = Debug|Any CPU
		Release|Any CPU = Release|Any CPU
	EndGlobalSection
	GlobalSection(ProjectConfigurationPlatforms) = postSolution
		{D13B2979-C596-4924-9324-E0D6C110BCB4}.Debug|Any CPU.ActiveCfg = Debug|Any CPU
		{D13B2979-C596-4924-9324-E0D6C110BCB4}.Debug|Any CPU.Build.0 = Debug|Any CPU
		{D13B2979-C596-4924-9324-E0D6C110BCB4}.Release|Any CPU.ActiveCfg = Release|Any CPU
		{D13B2979-C596-4924-9324-E0D6C110BCB4}.Release|Any CPU.Build.0 = Release|Any CPU
	EndGlobalSection
	GlobalSection(SolutionProperties) = preSolution
		HideSolutionNode = FALSE
	EndGlobalSection
EndGlobal
